
Microsoft Visual Studio Solution File, Format Version 12.00
# Visual Studio Version 16
VisualStudioVersion = 16.0.29209.152
MinimumVisualStudioVersion = 10.0.40219.1
Project("{9A19103F-16F7-4668-BE54-9A1E7A4F7556}") = "pgn.Data", "pgn.Data\pgn.Data.csproj", "{E2950532-E530-4A14-8E58-F70393CE71B2}"
EndProject
Project("{9A19103F-16F7-4668-BE54-9A1E7A4F7556}") = "pgn.NET", "pgn.NET\pgn.NET.csproj", "{CA4129A5-8FE8-4102-8E7B-98640A7E91BC}"
EndProject
Project("{6EC3EE1D-3C4E-46DD-8F32-0CC8E7565705}") = "pgn.Parse", "pgn.Parse\pgn.Parse.fsproj", "{6F04640B-2296-43D3-B61D-6D4B32C498F1}"
EndProject
Project("{9A19103F-16F7-4668-BE54-9A1E7A4F7556}") = "PgnToFen", "PgnToFen\PgnToFen.csproj", "{5478525E-229B-425E-882E-01EE5FB4CC52}"
EndProject
Global
	GlobalSection(SolutionConfigurationPlatforms) = preSolution
		Debug|Any CPU = Debug|Any CPU
		Debug|x64 = Debug|x64
		Debug|x86 = Debug|x86
		Release|Any CPU = Release|Any CPU
		Release|x64 = Release|x64
		Release|x86 = Release|x86
	EndGlobalSection
	GlobalSection(ProjectConfigurationPlatforms) = postSolution
		{E2950532-E530-4A14-8E58-F70393CE71B2}.Debug|Any CPU.ActiveCfg = Debug|Any CPU
		{E2950532-E530-4A14-8E58-F70393CE71B2}.Debug|Any CPU.Build.0 = Debug|Any CPU
		{E2950532-E530-4A14-8E58-F70393CE71B2}.Debug|x64.ActiveCfg = Debug|Any CPU
		{E2950532-E530-4A14-8E58-F70393CE71B2}.Debug|x64.Build.0 = Debug|Any CPU
		{E2950532-E530-4A14-8E58-F70393CE71B2}.Debug|x86.ActiveCfg = Debug|Any CPU
		{E2950532-E530-4A14-8E58-F70393CE71B2}.Debug|x86.Build.0 = Debug|Any CPU
		{E2950532-E530-4A14-8E58-F70393CE71B2}.Release|Any CPU.ActiveCfg = Release|Any CPU
		{E2950532-E530-4A14-8E58-F70393CE71B2}.Release|Any CPU.Build.0 = Release|Any CPU
		{E2950532-E530-4A14-8E58-F70393CE71B2}.Release|x64.ActiveCfg = Release|Any CPU
		{E2950532-E530-4A14-8E58-F70393CE71B2}.Release|x64.Build.0 = Release|Any CPU
		{E2950532-E530-4A14-8E58-F70393CE71B2}.Release|x86.ActiveCfg = Release|Any CPU
		{E2950532-E530-4A14-8E58-F70393CE71B2}.Release|x86.Build.0 = Release|Any CPU
		{CA4129A5-8FE8-4102-8E7B-98640A7E91BC}.Debug|Any CPU.ActiveCfg = Debug|Any CPU
		{CA4129A5-8FE8-4102-8E7B-98640A7E91BC}.Debug|Any CPU.Build.0 = Debug|Any CPU
		{CA4129A5-8FE8-4102-8E7B-98640A7E91BC}.Debug|x64.ActiveCfg = Debug|Any CPU
		{CA4129A5-8FE8-4102-8E7B-98640A7E91BC}.Debug|x64.Build.0 = Debug|Any CPU
		{CA4129A5-8FE8-4102-8E7B-98640A7E91BC}.Debug|x86.ActiveCfg = Debug|Any CPU
		{CA4129A5-8FE8-4102-8E7B-98640A7E91BC}.Debug|x86.Build.0 = Debug|Any CPU
		{CA4129A5-8FE8-4102-8E7B-98640A7E91BC}.Release|Any CPU.ActiveCfg = Release|Any CPU
		{CA4129A5-8FE8-4102-8E7B-98640A7E91BC}.Release|Any CPU.Build.0 = Release|Any CPU
		{CA4129A5-8FE8-4102-8E7B-98640A7E91BC}.Release|x64.ActiveCfg = Release|Any CPU
		{CA4129A5-8FE8-4102-8E7B-98640A7E91BC}.Release|x64.Build.0 = Release|Any CPU
		{CA4129A5-8FE8-4102-8E7B-98640A7E91BC}.Release|x86.ActiveCfg = Release|Any CPU
		{CA4129A5-8FE8-4102-8E7B-98640A7E91BC}.Release|x86.Build.0 = Release|Any CPU
		{6F04640B-2296-43D3-B61D-6D4B32C498F1}.Debug|Any CPU.ActiveCfg = Debug|Any CPU
		{6F04640B-2296-43D3-B61D-6D4B32C498F1}.Debug|Any CPU.Build.0 = Debug|Any CPU
		{6F04640B-2296-43D3-B61D-6D4B32C498F1}.Debug|x64.ActiveCfg = Debug|Any CPU
		{6F04640B-2296-43D3-B61D-6D4B32C498F1}.Debug|x64.Build.0 = Debug|Any CPU
		{6F04640B-2296-43D3-B61D-6D4B32C498F1}.Debug|x86.ActiveCfg = Debug|Any CPU
		{6F04640B-2296-43D3-B61D-6D4B32C498F1}.Debug|x86.Build.0 = Debug|Any CPU
		{6F04640B-2296-43D3-B61D-6D4B32C498F1}.Release|Any CPU.ActiveCfg = Release|Any CPU
		{6F04640B-2296-43D3-B61D-6D4B32C498F1}.Release|Any CPU.Build.0 = Release|Any CPU
		{6F04640B-2296-43D3-B61D-6D4B32C498F1}.Release|x64.ActiveCfg = Release|Any CPU
		{6F04640B-2296-43D3-B61D-6D4B32C498F1}.Release|x64.Build.0 = Release|Any CPU
		{6F04640B-2296-43D3-B61D-6D4B32C498F1}.Release|x86.ActiveCfg = Release|Any CPU
		{6F04640B-2296-43D3-B61D-6D4B32C498F1}.Release|x86.Build.0 = Release|Any CPU
		{5478525E-229B-425E-882E-01EE5FB4CC52}.Debug|Any CPU.ActiveCfg = Debug|Any CPU
		{5478525E-229B-425E-882E-01EE5FB4CC52}.Debug|Any CPU.Build.0 = Debug|Any CPU
		{5478525E-229B-425E-882E-01EE5FB4CC52}.Debug|x64.ActiveCfg = Debug|Any CPU
		{5478525E-229B-425E-882E-01EE5FB4CC52}.Debug|x64.Build.0 = Debug|Any CPU
		{5478525E-229B-425E-882E-01EE5FB4CC52}.Debug|x86.ActiveCfg = Debug|Any CPU
		{5478525E-229B-425E-882E-01EE5FB4CC52}.Debug|x86.Build.0 = Debug|Any CPU
		{5478525E-229B-425E-882E-01EE5FB4CC52}.Release|Any CPU.ActiveCfg = Release|Any CPU
		{5478525E-229B-425E-882E-01EE5FB4CC52}.Release|Any CPU.Build.0 = Release|Any CPU
		{5478525E-229B-425E-882E-01EE5FB4CC52}.Release|x64.ActiveCfg = Release|Any CPU
		{5478525E-229B-425E-882E-01EE5FB4CC52}.Release|x64.Build.0 = Release|Any CPU
		{5478525E-229B-425E-882E-01EE5FB4CC52}.Release|x86.ActiveCfg = Release|Any CPU
		{5478525E-229B-425E-882E-01EE5FB4CC52}.Release|x86.Build.0 = Release|Any CPU
	EndGlobalSection
	GlobalSection(SolutionProperties) = preSolution
		HideSolutionNode = FALSE
	EndGlobalSection
	GlobalSection(ExtensibilityGlobals) = postSolution
		SolutionGuid = {E9BFAE72-BF17-4101-BA7A-BB5C98C227C3}
	EndGlobalSection
EndGlobal
